<!--
SPDX-FileCopyrightText: 2026 Neptuwunium

SPDX-License-Identifier: EUPL-1.2
-->

<Solution>
	<Folder Name="/Neptune/">
		<Project Path="Neptune/Charon/Charon.csproj"/>
		<Project Path="Neptune/Pluto.SourceGen/Pluto.SourceGen.csproj"/>
		<Project Path="Neptune/Pluto/Pluto.csproj"/>
		<Project Path="Neptune/Triton/Triton.csproj"/>
	</Folder>
	<Project Path="Ulysses.DPLUnpack/Ulysses.DPLUnpack.csproj"/>
	<Project Path="Ulysses.HashFinder/Ulysses.HashFinder.csproj"/>
	<Project Path="Ulysses/Ulysses.csproj"/>
</Solution>
